
Microsoft Visual Studio Solution File, Format Version 12.00
# Visual Studio Version 16
VisualStudioVersion = 16.0.33214.272
MinimumVisualStudioVersion = 10.0.40219.1
Project("{FAE04EC0-301F-11D3-BF4B-00C04F79EFBC}") = "WebApplication1", "WebApplication1\WebApplication1.csproj", "{CBB625AE-FFB3-4BFF-B1B1-E2CAF3D4C506}"
EndProject
Global
	GlobalSection(SolutionConfigurationPlatforms) = preSolution
		Debug|Any CPU = Debug|Any CPU
		Release|Any CPU = Release|Any CPU
	EndGlobalSection
	GlobalSection(ProjectConfigurationPlatforms) = postSolution
		{CBB625AE-FFB3-4BFF-B1B1-E2CAF3D4C506}.Debug|Any CPU.ActiveCfg = Debug|Any CPU
		{CBB625AE-FFB3-4BFF-B1B1-E2CAF3D4C506}.Debug|Any CPU.Build.0 = Debug|Any CPU
		{CBB625AE-FFB3-4BFF-B1B1-E2CAF3D4C506}.Release|Any CPU.ActiveCfg = Release|Any CPU
		{CBB625AE-FFB3-4BFF-B1B1-E2CAF3D4C506}.Release|Any CPU.Build.0 = Release|Any CPU
	EndGlobalSection
	GlobalSection(SolutionProperties) = preSolution
		HideSolutionNode = FALSE
	EndGlobalSection
	GlobalSection(ExtensibilityGlobals) = postSolution
		SolutionGuid = {B37C15A5-36D5-4505-A11F-040CE2F5906C}
	EndGlobalSection
EndGlobal
